
Microsoft Visual Studio Solution File, Format Version 12.00
# Visual Studio 2017
Project("{FAE04EC0-301F-11D3-BF4B-00C04F79EFBC}") = "ArCards", "ArCards.csproj", "{C6D470EA-6F2E-1ACE-5A92-631D582CD52F}"
EndProject
Project("{FAE04EC0-301F-11D3-BF4B-00C04F79EFBC}") = "ArCards.Editor", "ArCards.Editor.csproj", "{2CA16AF1-174F-B6B6-3500-68AE3CB86E05}"
EndProject
Global
	GlobalSection(SolutionConfigurationPlatforms) = preSolution
		Debug|Any CPU = Debug|Any CPU
		Release|Any CPU = Release|Any CPU
	EndGlobalSection
	GlobalSection(ProjectConfigurationPlatforms) = postSolution
		{C6D470EA-6F2E-1ACE-5A92-631D582CD52F}.Debug|Any CPU.ActiveCfg = Debug|Any CPU
		{C6D470EA-6F2E-1ACE-5A92-631D582CD52F}.Debug|Any CPU.Build.0 = Debug|Any CPU
		{C6D470EA-6F2E-1ACE-5A92-631D582CD52F}.Release|Any CPU.ActiveCfg = Release|Any CPU
		{C6D470EA-6F2E-1ACE-5A92-631D582CD52F}.Release|Any CPU.Build.0 = Release|Any CPU
		{2CA16AF1-174F-B6B6-3500-68AE3CB86E05}.Debug|Any CPU.ActiveCfg = Debug|Any CPU
		{2CA16AF1-174F-B6B6-3500-68AE3CB86E05}.Debug|Any CPU.Build.0 = Debug|Any CPU
		{2CA16AF1-174F-B6B6-3500-68AE3CB86E05}.Release|Any CPU.ActiveCfg = Release|Any CPU
		{2CA16AF1-174F-B6B6-3500-68AE3CB86E05}.Release|Any CPU.Build.0 = Release|Any CPU
	EndGlobalSection
	GlobalSection(SolutionProperties) = preSolution
		HideSolutionNode = FALSE
	EndGlobalSection
EndGlobal
